
Microsoft Visual Studio Solution File, Format Version 12.00
# Visual Studio Version 17
VisualStudioVersion = 17.0.31903.59
MinimumVisualStudioVersion = 10.0.40219.1
Project("{2150E333-8FDC-42A3-9474-1A3956D46DE8}") = "src", "src", "{827E0CD3-B72D-47B6-A68D-7590B98EB39B}"
EndProject
Project("{FAE04EC0-301F-11D3-BF4B-00C04F79EFBC}") = "RateShield.Core", "src\RateShield.Core\RateShield.Core.csproj", "{AC3784BF-29BD-440B-B8C3-A6F22D44F427}"
EndProject
Project("{FAE04EC0-301F-11D3-BF4B-00C04F79EFBC}") = "RateShield.Infrastructure", "src\RateShield.Infrastructure\RateShield.Infrastructure.csproj", "{8F9E1E4E-A95B-40C2-87DF-6F33ED484658}"
EndProject
Project("{FAE04EC0-301F-11D3-BF4B-00C04F79EFBC}") = "RateShield.Gateway", "src\RateShield.Gateway\RateShield.Gateway.csproj", "{B1A66DD5-2EB7-43B2-82B4-9C93AD5C6FEB}"
EndProject
Project("{FAE04EC0-301F-11D3-BF4B-00C04F79EFBC}") = "RateShield.SampleBackend", "src\RateShield.SampleBackend\RateShield.SampleBackend.csproj", "{C6C32023-820F-4484-8316-1BD1DE982C31}"
EndProject
Project("{2150E333-8FDC-42A3-9474-1A3956D46DE8}") = "tests", "tests", "{0AB3BF05-4346-4AA6-1389-037BE0695223}"
EndProject
Project("{FAE04EC0-301F-11D3-BF4B-00C04F79EFBC}") = "RateShield.Core.Tests", "tests\RateShield.Core.Tests\RateShield.Core.Tests.csproj", "{B3404257-7B5D-4C60-875F-CF65B4916B02}"
EndProject
Project("{FAE04EC0-301F-11D3-BF4B-00C04F79EFBC}") = "RateShield.Gateway.Tests", "tests\RateShield.Gateway.Tests\RateShield.Gateway.Tests.csproj", "{D5B07958-E674-49C9-93E2-D44B339C9992}"
EndProject
Global
	GlobalSection(SolutionConfigurationPlatforms) = preSolution
		Debug|Any CPU = Debug|Any CPU
		Debug|x64 = Debug|x64
		Debug|x86 = Debug|x86
		Release|Any CPU = Release|Any CPU
		Release|x64 = Release|x64
		Release|x86 = Release|x86
	EndGlobalSection
	GlobalSection(ProjectConfigurationPlatforms) = postSolution
		{AC3784BF-29BD-440B-B8C3-A6F22D44F427}.Debug|Any CPU.ActiveCfg = Debug|Any CPU
		{AC3784BF-29BD-440B-B8C3-A6F22D44F427}.Debug|Any CPU.Build.0 = Debug|Any CPU
		{AC3784BF-29BD-440B-B8C3-A6F22D44F427}.Debug|x64.ActiveCfg = Debug|Any CPU
		{AC3784BF-29BD-440B-B8C3-A6F22D44F427}.Debug|x64.Build.0 = Debug|Any CPU
		{AC3784BF-29BD-440B-B8C3-A6F22D44F427}.Debug|x86.ActiveCfg = Debug|Any CPU
		{AC3784BF-29BD-440B-B8C3-A6F22D44F427}.Debug|x86.Build.0 = Debug|Any CPU
		{AC3784BF-29BD-440B-B8C3-A6F22D44F427}.Release|Any CPU.ActiveCfg = Release|Any CPU
		{AC3784BF-29BD-440B-B8C3-A6F22D44F427}.Release|Any CPU.Build.0 = Release|Any CPU
		{AC3784BF-29BD-440B-B8C3-A6F22D44F427}.Release|x64.ActiveCfg = Release|Any CPU
		{AC3784BF-29BD-440B-B8C3-A6F22D44F427}.Release|x64.Build.0 = Release|Any CPU
		{AC3784BF-29BD-440B-B8C3-A6F22D44F427}.Release|x86.ActiveCfg = Release|Any CPU
		{AC3784BF-29BD-440B-B8C3-A6F22D44F427}.Release|x86.Build.0 = Release|Any CPU
		{8F9E1E4E-A95B-40C2-87DF-6F33ED484658}.Debug|Any CPU.ActiveCfg = Debug|Any CPU
		{8F9E1E4E-A95B-40C2-87DF-6F33ED484658}.Debug|Any CPU.Build.0 = Debug|Any CPU
		{8F9E1E4E-A95B-40C2-87DF-6F33ED484658}.Debug|x64.ActiveCfg = Debug|Any CPU
		{8F9E1E4E-A95B-40C2-87DF-6F33ED484658}.Debug|x64.Build.0 = Debug|Any CPU
		{8F9E1E4E-A95B-40C2-87DF-6F33ED484658}.Debug|x86.ActiveCfg = Debug|Any CPU
		{8F9E1E4E-A95B-40C2-87DF-6F33ED484658}.Debug|x86.Build.0 = Debug|Any CPU
		{8F9E1E4E-A95B-40C2-87DF-6F33ED484658}.Release|Any CPU.ActiveCfg = Release|Any CPU
		{8F9E1E4E-A95B-40C2-87DF-6F33ED484658}.Release|Any CPU.Build.0 = Release|Any CPU
		{8F9E1E4E-A95B-40C2-87DF-6F33ED484658}.Release|x64.ActiveCfg = Release|Any CPU
		{8F9E1E4E-A95B-40C2-87DF-6F33ED484658}.Release|x64.Build.0 = Release|Any CPU
		{8F9E1E4E-A95B-40C2-87DF-6F33ED484658}.Release|x86.ActiveCfg = Release|Any CPU
		{8F9E1E4E-A95B-40C2-87DF-6F33ED484658}.Release|x86.Build.0 = Release|Any CPU
		{B1A66DD5-2EB7-43B2-82B4-9C93AD5C6FEB}.Debug|Any CPU.ActiveCfg = Debug|Any CPU
		{B1A66DD5-2EB7-43B2-82B4-9C93AD5C6FEB}.Debug|Any CPU.Build.0 = Debug|Any CPU
		{B1A66DD5-2EB7-43B2-82B4-9C93AD5C6FEB}.Debug|x64.ActiveCfg = Debug|Any CPU
		{B1A66DD5-2EB7-43B2-82B4-9C93AD5C6FEB}.Debug|x64.Build.0 = Debug|Any CPU
		{B1A66DD5-2EB7-43B2-82B4-9C93AD5C6FEB}.Debug|x86.ActiveCfg = Debug|Any CPU
		{B1A66DD5-2EB7-43B2-82B4-9C93AD5C6FEB}.Debug|x86.Build.0 = Debug|Any CPU
		{B1A66DD5-2EB7-43B2-82B4-9C93AD5C6FEB}.Release|Any CPU.ActiveCfg = Release|Any CPU
		{B1A66DD5-2EB7-43B2-82B4-9C93AD5C6FEB}.Release|Any CPU.Build.0 = Release|Any CPU
		{B1A66DD5-2EB7-43B2-82B4-9C93AD5C6FEB}.Release|x64.ActiveCfg = Release|Any CPU
		{B1A66DD5-2EB7-43B2-82B4-9C93AD5C6FEB}.Release|x64.Build.0 = Release|Any CPU
		{B1A66DD5-2EB7-43B2-82B4-9C93AD5C6FEB}.Release|x86.ActiveCfg = Release|Any CPU
		{B1A66DD5-2EB7-43B2-82B4-9C93AD5C6FEB}.Release|x86.Build.0 = Release|Any CPU
		{C6C32023-820F-4484-8316-1BD1DE982C31}.Debug|Any CPU.ActiveCfg = Debug|Any CPU
		{C6C32023-820F-4484-8316-1BD1DE982C31}.Debug|Any CPU.Build.0 = Debug|Any CPU
		{C6C32023-820F-4484-8316-1BD1DE982C31}.Debug|x64.ActiveCfg = Debug|Any CPU
		{C6C32023-820F-4484-8316-1BD1DE982C31}.Debug|x64.Build.0 = Debug|Any CPU
		{C6C32023-820F-4484-8316-1BD1DE982C31}.Debug|x86.ActiveCfg = Debug|Any CPU
		{C6C32023-820F-4484-8316-1BD1DE982C31}.Debug|x86.Build.0 = Debug|Any CPU
		{C6C32023-820F-4484-8316-1BD1DE982C31}.Release|Any CPU.ActiveCfg = Release|Any CPU
		{C6C32023-820F-4484-8316-1BD1DE982C31}.Release|Any CPU.Build.0 = Release|Any CPU
		{C6C32023-820F-4484-8316-1BD1DE982C31}.Release|x64.ActiveCfg = Release|Any CPU
		{C6C32023-820F-4484-8316-1BD1DE982C31}.Release|x64.Build.0 = Release|Any CPU
		{C6C32023-820F-4484-8316-1BD1DE982C31}.Release|x86.ActiveCfg = Release|Any CPU
		{C6C32023-820F-4484-8316-1BD1DE982C31}.Release|x86.Build.0 = Release|Any CPU
		{B3404257-7B5D-4C60-875F-CF65B4916B02}.Debug|Any CPU.ActiveCfg = Debug|Any CPU
		{B3404257-7B5D-4C60-875F-CF65B4916B02}.Debug|Any CPU.Build.0 = Debug|Any CPU
		{B3404257-7B5D-4C60-875F-CF65B4916B02}.Debug|x64.ActiveCfg = Debug|Any CPU
		{B3404257-7B5D-4C60-875F-CF65B4916B02}.Debug|x64.Build.0 = Debug|Any CPU
		{B3404257-7B5D-4C60-875F-CF65B4916B02}.Debug|x86.ActiveCfg = Debug|Any CPU
		{B3404257-7B5D-4C60-875F-CF65B4916B02}.Debug|x86.Build.0 = Debug|Any CPU
		{B3404257-7B5D-4C60-875F-CF65B4916B02}.Release|Any CPU.ActiveCfg = Release|Any CPU
		{B3404257-7B5D-4C60-875F-CF65B4916B02}.Release|Any CPU.Build.0 = Release|Any CPU
		{B3404257-7B5D-4C60-875F-CF65B4916B02}.Release|x64.ActiveCfg = Release|Any CPU
		{B3404257-7B5D-4C60-875F-CF65B4916B02}.Release|x64.Build.0 = Release|Any CPU
		{B3404257-7B5D-4C60-875F-CF65B4916B02}.Release|x86.ActiveCfg = Release|Any CPU
		{B3404257-7B5D-4C60-875F-CF65B4916B02}.Release|x86.Build.0 = Release|Any CPU
		{D5B07958-E674-49C9-93E2-D44B339C9992}.Debug|Any CPU.ActiveCfg = Debug|Any CPU
		{D5B07958-E674-49C9-93E2-D44B339C9992}.Debug|Any CPU.Build.0 = Debug|Any CPU
		{D5B07958-E674-49C9-93E2-D44B339C9992}.Debug|x64.ActiveCfg = Debug|Any CPU
		{D5B07958-E674-49C9-93E2-D44B339C9992}.Debug|x64.Build.0 = Debug|Any CPU
		{D5B07958-E674-49C9-93E2-D44B339C9992}.Debug|x86.ActiveCfg = Debug|Any CPU
		{D5B07958-E674-49C9-93E2-D44B339C9992}.Debug|x86.Build.0 = Debug|Any CPU
		{D5B07958-E674-49C9-93E2-D44B339C9992}.Release|Any CPU.ActiveCfg = Release|Any CPU
		{D5B07958-E674-49C9-93E2-D44B339C9992}.Release|Any CPU.Build.0 = Release|Any CPU
		{D5B07958-E674-49C9-93E2-D44B339C9992}.Release|x64.ActiveCfg = Release|Any CPU
		{D5B07958-E674-49C9-93E2-D44B339C9992}.Release|x64.Build.0 = Release|Any CPU
		{D5B07958-E674-49C9-93E2-D44B339C9992}.Release|x86.ActiveCfg = Release|Any CPU
		{D5B07958-E674-49C9-93E2-D44B339C9992}.Release|x86.Build.0 = Release|Any CPU
	EndGlobalSection
	GlobalSection(SolutionProperties) = preSolution
		HideSolutionNode = FALSE
	EndGlobalSection
	GlobalSection(NestedProjects) = preSolution
		{AC3784BF-29BD-440B-B8C3-A6F22D44F427} = {827E0CD3-B72D-47B6-A68D-7590B98EB39B}
		{8F9E1E4E-A95B-40C2-87DF-6F33ED484658} = {827E0CD3-B72D-47B6-A68D-7590B98EB39B}
		{B1A66DD5-2EB7-43B2-82B4-9C93AD5C6FEB} = {827E0CD3-B72D-47B6-A68D-7590B98EB39B}
		{C6C32023-820F-4484-8316-1BD1DE982C31} = {827E0CD3-B72D-47B6-A68D-7590B98EB39B}
		{B3404257-7B5D-4C60-875F-CF65B4916B02} = {0AB3BF05-4346-4AA6-1389-037BE0695223}
		{D5B07958-E674-49C9-93E2-D44B339C9992} = {0AB3BF05-4346-4AA6-1389-037BE0695223}
	EndGlobalSection
EndGlobal
